
Microsoft Visual Studio Solution File, Format Version 12.00
# Visual Studio Version 17
VisualStudioVersion = 17.5.33627.172
MinimumVisualStudioVersion = 10.0.40219.1
Project("{FAE04EC0-301F-11D3-BF4B-00C04F79EFBC}") = "jsonCRUD", "jsonCRUD.csproj", "{C2922A9F-D886-48B1-AF55-A5B6D6DFD670}"
EndProject
Global
	GlobalSection(SolutionConfigurationPlatforms) = preSolution
		Debug|Any CPU = Debug|Any CPU
		Release|Any CPU = Release|Any CPU
	EndGlobalSection
	GlobalSection(ProjectConfigurationPlatforms) = postSolution
		{C2922A9F-D886-48B1-AF55-A5B6D6DFD670}.Debug|Any CPU.ActiveCfg = Debug|Any CPU
		{C2922A9F-D886-48B1-AF55-A5B6D6DFD670}.Debug|Any CPU.Build.0 = Debug|Any CPU
		{C2922A9F-D886-48B1-AF55-A5B6D6DFD670}.Release|Any CPU.ActiveCfg = Release|Any CPU
		{C2922A9F-D886-48B1-AF55-A5B6D6DFD670}.Release|Any CPU.Build.0 = Release|Any CPU
	EndGlobalSection
	GlobalSection(SolutionProperties) = preSolution
		HideSolutionNode = FALSE
	EndGlobalSection
	GlobalSection(ExtensibilityGlobals) = postSolution
		SolutionGuid = {5DCF5A66-EA1C-439C-B3B2-47DA01E5D660}
	EndGlobalSection
EndGlobal
